
Microsoft Visual Studio Solution File, Format Version 12.00
# Visual Studio 15
VisualStudioVersion = 15.0.28307.106
MinimumVisualStudioVersion = 10.0.40219.1
Project("{FAE04EC0-301F-11D3-BF4B-00C04F79EFBC}") = "Bubble short", "Bubble short\Bubble short.csproj", "{D1FEA5C4-249E-4442-AE30-8C377E0AF193}"
EndProject
Global
	GlobalSection(SolutionConfigurationPlatforms) = preSolution
		Debug|Any CPU = Debug|Any CPU
		Release|Any CPU = Release|Any CPU
	EndGlobalSection
	GlobalSection(ProjectConfigurationPlatforms) = postSolution
		{D1FEA5C4-249E-4442-AE30-8C377E0AF193}.Debug|Any CPU.ActiveCfg = Debug|Any CPU
		{D1FEA5C4-249E-4442-AE30-8C377E0AF193}.Debug|Any CPU.Build.0 = Debug|Any CPU
		{D1FEA5C4-249E-4442-AE30-8C377E0AF193}.Release|Any CPU.ActiveCfg = Release|Any CPU
		{D1FEA5C4-249E-4442-AE30-8C377E0AF193}.Release|Any CPU.Build.0 = Release|Any CPU
	EndGlobalSection
	GlobalSection(SolutionProperties) = preSolution
		HideSolutionNode = FALSE
	EndGlobalSection
	GlobalSection(ExtensibilityGlobals) = postSolution
		SolutionGuid = {F29F4B92-1DDD-4880-846A-1D58609B4C32}
	EndGlobalSection
EndGlobal
